
Microsoft Visual Studio Solution File, Format Version 12.00
# Visual Studio Version 17
VisualStudioVersion = 17.14.36414.22 d17.14
MinimumVisualStudioVersion = 10.0.40219.1
Project("{FAE04EC0-301F-11D3-BF4B-00C04F79EFBC}") = "WPF_ImageClassificationProject", "WPF_ImageClassificationProject.csproj", "{B0263C1C-DCEF-4A9E-B6C4-A7CC46BA1380}"
EndProject
Global
	GlobalSection(SolutionConfigurationPlatforms) = preSolution
		Debug|Any CPU = Debug|Any CPU
		Release|Any CPU = Release|Any CPU
	EndGlobalSection
	GlobalSection(ProjectConfigurationPlatforms) = postSolution
		{B0263C1C-DCEF-4A9E-B6C4-A7CC46BA1380}.Debug|Any CPU.ActiveCfg = Debug|Any CPU
		{B0263C1C-DCEF-4A9E-B6C4-A7CC46BA1380}.Debug|Any CPU.Build.0 = Debug|Any CPU
		{B0263C1C-DCEF-4A9E-B6C4-A7CC46BA1380}.Release|Any CPU.ActiveCfg = Release|Any CPU
		{B0263C1C-DCEF-4A9E-B6C4-A7CC46BA1380}.Release|Any CPU.Build.0 = Release|Any CPU
	EndGlobalSection
	GlobalSection(SolutionProperties) = preSolution
		HideSolutionNode = FALSE
	EndGlobalSection
	GlobalSection(ExtensibilityGlobals) = postSolution
		SolutionGuid = {217EDC4F-9AD6-4E25-AF7C-A67B62DF605F}
	EndGlobalSection
EndGlobal
